
Microsoft Visual Studio Solution File, Format Version 12.00
# Visual Studio Version 17
VisualStudioVersion = 17.5.002.0
MinimumVisualStudioVersion = 10.0.40219.1
Project("{9A19103F-16F7-4668-BE54-9A1E7A4F7556}") = "quest_web", "API\quest_web.csproj", "{76C05DAA-1B16-4505-8BA7-0EE9D729EACB}"
EndProject
Project("{FAE04EC0-301F-11D3-BF4B-00C04F79EFBC}") = "API.Tests", "API.Tests\API.Tests.csproj", "{F34DBFA0-21FB-4D59-958E-22351F316ACF}"
EndProject
Global
	GlobalSection(SolutionConfigurationPlatforms) = preSolution
		Debug|Any CPU = Debug|Any CPU
		Release|Any CPU = Release|Any CPU
	EndGlobalSection
	GlobalSection(ProjectConfigurationPlatforms) = postSolution
		{76C05DAA-1B16-4505-8BA7-0EE9D729EACB}.Debug|Any CPU.ActiveCfg = Debug|Any CPU
		{76C05DAA-1B16-4505-8BA7-0EE9D729EACB}.Debug|Any CPU.Build.0 = Debug|Any CPU
		{76C05DAA-1B16-4505-8BA7-0EE9D729EACB}.Release|Any CPU.ActiveCfg = Release|Any CPU
		{76C05DAA-1B16-4505-8BA7-0EE9D729EACB}.Release|Any CPU.Build.0 = Release|Any CPU
		{F34DBFA0-21FB-4D59-958E-22351F316ACF}.Debug|Any CPU.ActiveCfg = Debug|Any CPU
		{F34DBFA0-21FB-4D59-958E-22351F316ACF}.Debug|Any CPU.Build.0 = Debug|Any CPU
		{F34DBFA0-21FB-4D59-958E-22351F316ACF}.Release|Any CPU.ActiveCfg = Release|Any CPU
		{F34DBFA0-21FB-4D59-958E-22351F316ACF}.Release|Any CPU.Build.0 = Release|Any CPU
	EndGlobalSection
	GlobalSection(SolutionProperties) = preSolution
		HideSolutionNode = FALSE
	EndGlobalSection
	GlobalSection(ExtensibilityGlobals) = postSolution
		SolutionGuid = {44346181-EBA7-4960-8E71-8780F59FB513}
	EndGlobalSection
EndGlobal
